<?xml version="1.0" encoding="utf-8"?>
<Project ToolsVersion="4.0" xmlns="http://schemas.microsoft.com/developer/msbuild/2003">
  <ItemGroup>
    <ClCompile Include="..\src\TestApp.cpp">
      <Filter>Source</Filter>
    </ClCompile>
    <ClCompile Include="..\src\DeferredRenderer.cpp">
      <Filter>Source</Filter>
    </ClCompile>
    <ClCompile Include="..\src\PointLight.cpp">
      <Filter>Source</Filter>
    </ClCompile>
    <ClCompile Include="..\src\PostProcessor.cpp">
      <Filter>Source</Filter>
    </ClCompile>
    <ClCompile Include="..\src\Utilities.cpp">
      <Filter>Source</Filter>
    </ClCompile>
  </ItemGroup>
  <ItemGroup>
    <ClInclude Include="..\include\Resources.h" />
    <ClInclude Include="..\src\DeferredRenderer.h">
      <Filter>Source</Filter>
    </ClInclude>
    <ClInclude Include="..\src\PointLight.h">
      <Filter>Source</Filter>
    </ClInclude>
    <ClInclude Include="..\src\PostProcessor.h">
      <Filter>Source</Filter>
    </ClInclude>
    <ClInclude Include="..\src\BouncingBox.h">
      <Filter>Source</Filter>
    </ClInclude>
    <ClInclude Include="..\src\Utilities.h">
      <Filter>Source</Filter>
    </ClInclude>
  </ItemGroup>
  <ItemGroup>
    <ResourceCompile Include="Resources.rc" />
  </ItemGroup>
  <ItemGroup>
    <Filter Include="Source">
      <UniqueIdentifier>{a23b7591-7230-454b-a0e9-6ba744803e99}</UniqueIdentifier>
    </Filter>
  </ItemGroup>
</Project>